
Microsoft Visual Studio Solution File, Format Version 12.00
# Visual Studio 15
VisualStudioVersion = 15.0.28307.1022
MinimumVisualStudioVersion = 10.0.40219.1
Project("{8BC9CEB8-8B4A-11D0-8D11-00A0C91BC942}") = "20200424text", "20200424text\20200424text.vcxproj", "{82A26C88-647D-4767-BCE2-28BA0A5B379F}"
EndProject
Global
	GlobalSection(SolutionConfigurationPlatforms) = preSolution
		Debug|x64 = Debug|x64
		Debug|x86 = Debug|x86
		Release|x64 = Release|x64
		Release|x86 = Release|x86
	EndGlobalSection
	GlobalSection(ProjectConfigurationPlatforms) = postSolution
		{82A26C88-647D-4767-BCE2-28BA0A5B379F}.Debug|x64.ActiveCfg = Debug|x64
		{82A26C88-647D-4767-BCE2-28BA0A5B379F}.Debug|x64.Build.0 = Debug|x64
		{82A26C88-647D-4767-BCE2-28BA0A5B379F}.Debug|x86.ActiveCfg = Debug|Win32
		{82A26C88-647D-4767-BCE2-28BA0A5B379F}.Debug|x86.Build.0 = Debug|Win32
		{82A26C88-647D-4767-BCE2-28BA0A5B379F}.Release|x64.ActiveCfg = Release|x64
		{82A26C88-647D-4767-BCE2-28BA0A5B379F}.Release|x64.Build.0 = Release|x64
		{82A26C88-647D-4767-BCE2-28BA0A5B379F}.Release|x86.ActiveCfg = Release|Win32
		{82A26C88-647D-4767-BCE2-28BA0A5B379F}.Release|x86.Build.0 = Release|Win32
	EndGlobalSection
	GlobalSection(SolutionProperties) = preSolution
		HideSolutionNode = FALSE
	EndGlobalSection
	GlobalSection(ExtensibilityGlobals) = postSolution
		SolutionGuid = {F120A4AE-FE05-4761-80A2-5402FF202604}
	EndGlobalSection
EndGlobal
